# THIS IS AN AUTOGENERATED FILE. DO NOT EDIT THIS FILE DIRECTLY.
# yarn lockfile v1


emoji-picker-react@^3.2.4:
  version "3.2.4"
  resolved "https://registry.yarnpkg.com/emoji-picker-react/-/emoji-picker-react-3.2.4.tgz#04eb0f9aa9683300b402efe2a0fc9156d8fac394"
  integrity sha512-X9AESw1olo73kWBS25hlBcr5GQltHI6kZueV11bR5NJrrG/Dt8TrMbhSMSngs4rMxeAoVT04ST9ixI1KxPThJg==
